
Microsoft Visual Studio Solution File, Format Version 12.00
# Visual Studio Version 17
VisualStudioVersion = 17.0.31903.59
MinimumVisualStudioVersion = 10.0.40219.1
Project("{2150E333-8FDC-42A3-9474-1A3956D46DE8}") = "AuthService", "AuthService", "{02EA681E-C7D8-13C7-8484-4AC65E1B71E8}"
EndProject
Project("{2150E333-8FDC-42A3-9474-1A3956D46DE8}") = "AccountService", "AccountService", "{B40E7905-DC69-4D68-BD50-ED2F35A6ACC2}"
EndProject
Project("{2150E333-8FDC-42A3-9474-1A3956D46DE8}") = "PaymentService", "PaymentService", "{27B0110A-F064-4FB3-B988-69482EBE2EB9}"
EndProject
Project("{2150E333-8FDC-42A3-9474-1A3956D46DE8}") = "FundTransferService", "FundTransferService", "{DA83D992-3AC5-4CE0-854F-791C56C0E156}"
EndProject
Project("{2150E333-8FDC-42A3-9474-1A3956D46DE8}") = "NotificationService", "NotificationService", "{C1234F3F-1B18-452E-9D60-A179CAB3F901}"
EndProject
Project("{2150E333-8FDC-42A3-9474-1A3956D46DE8}") = "ApiGateway", "ApiGateway", "{F91C7904-7893-4458-BCC1-BA31B0FA6981}"
EndProject
Project("{2150E333-8FDC-42A3-9474-1A3956D46DE8}") = "Shared", "Shared", "{2D8519C0-5B29-4260-BE75-ED9A72CC56EC}"
EndProject
Project("{FAE04EC0-301F-11D3-BF4B-00C04F79EFBC}") = "AuthService.Api", "AuthService.Api\AuthService.Api.csproj", "{C55BF4C8-0301-44D9-B54E-410A44659B46}"
EndProject
Project("{FAE04EC0-301F-11D3-BF4B-00C04F79EFBC}") = "AuthService.Core", "AuthService.Core\AuthService.Core.csproj", "{179D1F53-4D7D-445E-B62B-F84B793FE382}"
EndProject
Project("{FAE04EC0-301F-11D3-BF4B-00C04F79EFBC}") = "ApiGateway.Api", "ApiGateway\ApiGateway.Api.csproj", "{AD5BB1B2-74F9-4BD8-8B4E-C9D8C3FA3708}"
EndProject
Project("{FAE04EC0-301F-11D3-BF4B-00C04F79EFBC}") = "FundTransferService.Api", "FundTransferService.Api\FundTransferService.Api.csproj", "{2434E618-1639-4F17-9BD8-CC1D871644D6}"
EndProject
Project("{FAE04EC0-301F-11D3-BF4B-00C04F79EFBC}") = "FundTransferService.Core", "FundTransferService.Core\FundTransferService.Core.csproj", "{71C707FB-C100-4A05-94E7-550B7AC3145C}"
EndProject
Project("{FAE04EC0-301F-11D3-BF4B-00C04F79EFBC}") = "NotificationService.Api", "NotificationService.Api\NotificationService.Api.csproj", "{C121B240-EAB2-4A94-B793-A6EC39D0A8F2}"
EndProject
Project("{FAE04EC0-301F-11D3-BF4B-00C04F79EFBC}") = "NotificationService", "NotificationService\NotificationService.csproj", "{3A73143C-7EC7-4283-8328-E64220D2ED44}"
EndProject
Project("{FAE04EC0-301F-11D3-BF4B-00C04F79EFBC}") = "PaymentService.core", "PaymentService.core\PaymentService.core.csproj", "{A3785E22-AE95-423B-BB99-B3C02F9EB188}"
EndProject
Project("{FAE04EC0-301F-11D3-BF4B-00C04F79EFBC}") = "PaymentService.Api", "PaymentService.Api\PaymentService.Api.csproj", "{594DFB72-8F8F-47ED-8B72-40385F11CA8C}"
EndProject
Project("{FAE04EC0-301F-11D3-BF4B-00C04F79EFBC}") = "Shared", "Shared\Shared.csproj", "{941FDD50-2E93-4A54-8918-0927B2285727}"
EndProject
Project("{FAE04EC0-301F-11D3-BF4B-00C04F79EFBC}") = "AccountService.Api", "AccountService.Api\AccountService.Api.csproj", "{83FDA096-3EC0-4180-B20A-97D10C26B996}"
EndProject
Project("{FAE04EC0-301F-11D3-BF4B-00C04F79EFBC}") = "AccountService.Core", "AccountService.Core\AccountService.Core.csproj", "{EF24B1C2-B2ED-4C77-9757-BD3C4122E4F2}"
EndProject
Project("{FAE04EC0-301F-11D3-BF4B-00C04F79EFBC}") = "ApiGateway.Core", "ApiGateway.Core\ApiGateway.Core.csproj", "{7A088031-BB95-4D03-8E32-0AB11060123B}"
EndProject
Global
	GlobalSection(SolutionConfigurationPlatforms) = preSolution
		Debug|Any CPU = Debug|Any CPU
		Release|Any CPU = Release|Any CPU
	EndGlobalSection
	GlobalSection(ProjectConfigurationPlatforms) = postSolution
		{C55BF4C8-0301-44D9-B54E-410A44659B46}.Debug|Any CPU.ActiveCfg = Debug|Any CPU
		{C55BF4C8-0301-44D9-B54E-410A44659B46}.Debug|Any CPU.Build.0 = Debug|Any CPU
		{C55BF4C8-0301-44D9-B54E-410A44659B46}.Release|Any CPU.ActiveCfg = Release|Any CPU
		{C55BF4C8-0301-44D9-B54E-410A44659B46}.Release|Any CPU.Build.0 = Release|Any CPU
		{179D1F53-4D7D-445E-B62B-F84B793FE382}.Debug|Any CPU.ActiveCfg = Debug|Any CPU
		{179D1F53-4D7D-445E-B62B-F84B793FE382}.Debug|Any CPU.Build.0 = Debug|Any CPU
		{179D1F53-4D7D-445E-B62B-F84B793FE382}.Release|Any CPU.ActiveCfg = Release|Any CPU
		{179D1F53-4D7D-445E-B62B-F84B793FE382}.Release|Any CPU.Build.0 = Release|Any CPU
		{AD5BB1B2-74F9-4BD8-8B4E-C9D8C3FA3708}.Debug|Any CPU.ActiveCfg = Debug|Any CPU
		{AD5BB1B2-74F9-4BD8-8B4E-C9D8C3FA3708}.Debug|Any CPU.Build.0 = Debug|Any CPU
		{AD5BB1B2-74F9-4BD8-8B4E-C9D8C3FA3708}.Release|Any CPU.ActiveCfg = Release|Any CPU
		{AD5BB1B2-74F9-4BD8-8B4E-C9D8C3FA3708}.Release|Any CPU.Build.0 = Release|Any CPU
		{2434E618-1639-4F17-9BD8-CC1D871644D6}.Debug|Any CPU.ActiveCfg = Debug|Any CPU
		{2434E618-1639-4F17-9BD8-CC1D871644D6}.Debug|Any CPU.Build.0 = Debug|Any CPU
		{2434E618-1639-4F17-9BD8-CC1D871644D6}.Release|Any CPU.ActiveCfg = Release|Any CPU
		{2434E618-1639-4F17-9BD8-CC1D871644D6}.Release|Any CPU.Build.0 = Release|Any CPU
		{71C707FB-C100-4A05-94E7-550B7AC3145C}.Debug|Any CPU.ActiveCfg = Debug|Any CPU
		{71C707FB-C100-4A05-94E7-550B7AC3145C}.Debug|Any CPU.Build.0 = Debug|Any CPU
		{71C707FB-C100-4A05-94E7-550B7AC3145C}.Release|Any CPU.ActiveCfg = Release|Any CPU
		{71C707FB-C100-4A05-94E7-550B7AC3145C}.Release|Any CPU.Build.0 = Release|Any CPU
		{C121B240-EAB2-4A94-B793-A6EC39D0A8F2}.Debug|Any CPU.ActiveCfg = Debug|Any CPU
		{C121B240-EAB2-4A94-B793-A6EC39D0A8F2}.Debug|Any CPU.Build.0 = Debug|Any CPU
		{C121B240-EAB2-4A94-B793-A6EC39D0A8F2}.Release|Any CPU.ActiveCfg = Release|Any CPU
		{C121B240-EAB2-4A94-B793-A6EC39D0A8F2}.Release|Any CPU.Build.0 = Release|Any CPU
		{3A73143C-7EC7-4283-8328-E64220D2ED44}.Debug|Any CPU.ActiveCfg = Debug|Any CPU
		{3A73143C-7EC7-4283-8328-E64220D2ED44}.Debug|Any CPU.Build.0 = Debug|Any CPU
		{3A73143C-7EC7-4283-8328-E64220D2ED44}.Release|Any CPU.ActiveCfg = Release|Any CPU
		{3A73143C-7EC7-4283-8328-E64220D2ED44}.Release|Any CPU.Build.0 = Release|Any CPU
		{A3785E22-AE95-423B-BB99-B3C02F9EB188}.Debug|Any CPU.ActiveCfg = Debug|Any CPU
		{A3785E22-AE95-423B-BB99-B3C02F9EB188}.Debug|Any CPU.Build.0 = Debug|Any CPU
		{A3785E22-AE95-423B-BB99-B3C02F9EB188}.Release|Any CPU.ActiveCfg = Release|Any CPU
		{A3785E22-AE95-423B-BB99-B3C02F9EB188}.Release|Any CPU.Build.0 = Release|Any CPU
		{594DFB72-8F8F-47ED-8B72-40385F11CA8C}.Debug|Any CPU.ActiveCfg = Debug|Any CPU
		{594DFB72-8F8F-47ED-8B72-40385F11CA8C}.Debug|Any CPU.Build.0 = Debug|Any CPU
		{594DFB72-8F8F-47ED-8B72-40385F11CA8C}.Release|Any CPU.ActiveCfg = Release|Any CPU
		{594DFB72-8F8F-47ED-8B72-40385F11CA8C}.Release|Any CPU.Build.0 = Release|Any CPU
		{941FDD50-2E93-4A54-8918-0927B2285727}.Debug|Any CPU.ActiveCfg = Debug|Any CPU
		{941FDD50-2E93-4A54-8918-0927B2285727}.Debug|Any CPU.Build.0 = Debug|Any CPU
		{941FDD50-2E93-4A54-8918-0927B2285727}.Release|Any CPU.ActiveCfg = Release|Any CPU
		{941FDD50-2E93-4A54-8918-0927B2285727}.Release|Any CPU.Build.0 = Release|Any CPU
		{83FDA096-3EC0-4180-B20A-97D10C26B996}.Debug|Any CPU.ActiveCfg = Debug|Any CPU
		{83FDA096-3EC0-4180-B20A-97D10C26B996}.Debug|Any CPU.Build.0 = Debug|Any CPU
		{83FDA096-3EC0-4180-B20A-97D10C26B996}.Release|Any CPU.ActiveCfg = Release|Any CPU
		{83FDA096-3EC0-4180-B20A-97D10C26B996}.Release|Any CPU.Build.0 = Release|Any CPU
		{EF24B1C2-B2ED-4C77-9757-BD3C4122E4F2}.Debug|Any CPU.ActiveCfg = Debug|Any CPU
		{EF24B1C2-B2ED-4C77-9757-BD3C4122E4F2}.Debug|Any CPU.Build.0 = Debug|Any CPU
		{EF24B1C2-B2ED-4C77-9757-BD3C4122E4F2}.Release|Any CPU.ActiveCfg = Release|Any CPU
		{EF24B1C2-B2ED-4C77-9757-BD3C4122E4F2}.Release|Any CPU.Build.0 = Release|Any CPU
		{7A088031-BB95-4D03-8E32-0AB11060123B}.Debug|Any CPU.ActiveCfg = Debug|Any CPU
		{7A088031-BB95-4D03-8E32-0AB11060123B}.Debug|Any CPU.Build.0 = Debug|Any CPU
		{7A088031-BB95-4D03-8E32-0AB11060123B}.Release|Any CPU.ActiveCfg = Release|Any CPU
		{7A088031-BB95-4D03-8E32-0AB11060123B}.Release|Any CPU.Build.0 = Release|Any CPU
	EndGlobalSection
	GlobalSection(SolutionProperties) = preSolution
		HideSolutionNode = FALSE
	EndGlobalSection
	GlobalSection(NestedProjects) = preSolution
		{C55BF4C8-0301-44D9-B54E-410A44659B46} = {02EA681E-C7D8-13C7-8484-4AC65E1B71E8}
		{179D1F53-4D7D-445E-B62B-F84B793FE382} = {02EA681E-C7D8-13C7-8484-4AC65E1B71E8}
		{AD5BB1B2-74F9-4BD8-8B4E-C9D8C3FA3708} = {F91C7904-7893-4458-BCC1-BA31B0FA6981}
		{2434E618-1639-4F17-9BD8-CC1D871644D6} = {DA83D992-3AC5-4CE0-854F-791C56C0E156}
		{71C707FB-C100-4A05-94E7-550B7AC3145C} = {DA83D992-3AC5-4CE0-854F-791C56C0E156}
		{C121B240-EAB2-4A94-B793-A6EC39D0A8F2} = {C1234F3F-1B18-452E-9D60-A179CAB3F901}
		{3A73143C-7EC7-4283-8328-E64220D2ED44} = {C1234F3F-1B18-452E-9D60-A179CAB3F901}
		{A3785E22-AE95-423B-BB99-B3C02F9EB188} = {27B0110A-F064-4FB3-B988-69482EBE2EB9}
		{594DFB72-8F8F-47ED-8B72-40385F11CA8C} = {27B0110A-F064-4FB3-B988-69482EBE2EB9}
		{941FDD50-2E93-4A54-8918-0927B2285727} = {2D8519C0-5B29-4260-BE75-ED9A72CC56EC}
		{83FDA096-3EC0-4180-B20A-97D10C26B996} = {B40E7905-DC69-4D68-BD50-ED2F35A6ACC2}
		{EF24B1C2-B2ED-4C77-9757-BD3C4122E4F2} = {B40E7905-DC69-4D68-BD50-ED2F35A6ACC2}
		{7A088031-BB95-4D03-8E32-0AB11060123B} = {F91C7904-7893-4458-BCC1-BA31B0FA6981}
	EndGlobalSection
	GlobalSection(ExtensibilityGlobals) = postSolution
		SolutionGuid = {5C5138A2-C458-4AA1-82B6-B1E88B61205A}
	EndGlobalSection
EndGlobal
